{
  "requires": true,
  "lockfileVersion": 1,
  "dependencies": {
    "angular-bootstrap-md": {
      "version": "6.2.5",
      "resolved": "https://registry.npmjs.org/angular-bootstrap-md/-/angular-bootstrap-md-6.2.5.tgz",
      "integrity": "sha512-I+96SXSWZK2T5UYRkmfR4qI2qyKem2X2QeOxCffsqu/wN19UP+GZQ+JGjb963lglhuJl6vrWaNI2+dLeaVqQjw=="
    }
  }
}
